// !$*UTF8*$!
{
	archiveVersion = 1;
	classes = {
	};
	objectVersion = 50;
	objects = {

/* Begin PBXBuildFile section */
		6C3B014B2250C70800634A75 /* AppDelegate.m in Sources */ = {isa = PBXBuildFile; fileRef = 6C3B014A2250C70800634A75 /* AppDelegate.m */; };
		6C3B014E2250C70800634A75 /* ViewController.m in Sources */ = {isa = PBXBuildFile; fileRef = 6C3B014D2250C70800634A75 /* ViewController.m */; };
		6C3B01512250C70800634A75 /* Main.storyboard in Resources */ = {isa = PBXBuildFile; fileRef = 6C3B014F2250C70800634A75 /* Main.storyboard */; };
		6C3B01532250C70800634A75 /* Assets.xcassets in Resources */ = {isa = PBXBuildFile; fileRef = 6C3B01522250C70800634A75 /* Assets.xcassets */; };
		6C3B01562250C70800634A75 /* LaunchScreen.storyboard in Resources */ = {isa = PBXBuildFile; fileRef = 6C3B01542250C70800634A75 /* LaunchScreen.storyboard */; };
		6C3B01592250C70800634A75 /* main.m in Sources */ = {isa = PBXBuildFile; fileRef = 6C3B01582250C70800634A75 /* main.m */; };
		6C3B01622250C72D00634A75 /* BaseObject.m in Sources */ = {isa = PBXBuildFile; fileRef = 6C3B01612250C72D00634A75 /* BaseObject.m */; };
		6C3B01652250C79D00634A75 /* TestModel.m in Sources */ = {isa = PBXBuildFile; fileRef = 6C3B01642250C79D00634A75 /* TestModel.m */; };
/* End PBXBuildFile section */

/* Begin PBXFileReference section */
		6C3B01462250C70800634A75 /* UtilClass.app */ = {isa = PBXFileReference; explicitFileType = wrapper.application; includeInIndex = 0; path = UtilClass.app; sourceTree = BUILT_PRODUCTS_DIR; };
		6C3B01492250C70800634A75 /* AppDelegate.h */ = {isa = PBXFileReference; lastKnownFileType = sourcecode.c.h; path = AppDelegate.h; sourceTree = "<group>"; };
		6C3B014A2250C70800634A75 /* AppDelegate.m */ = {isa = PBXFileReference; lastKnownFileType = sourcecode.c.objc; path = AppDelegate.m; sourceTree = "<group>"; };
		6C3B014C2250C70800634A75 /* ViewController.h */ = {isa = PBXFileReference; lastKnownFileType = sourcecode.c.h; path = ViewController.h; sourceTree = "<group>"; };
		6C3B014D2250C70800634A75 /* ViewController.m */ = {isa = PBXFileReference; lastKnownFileType = sourcecode.c.objc; path = ViewController.m; sourceTree = "<group>"; };
		6C3B01502250C70800634A75 /* Base */ = {isa = PBXFileReference; lastKnownFileType = file.storyboard; name = Base; path = Base.lproj/Main.storyboard; sourceTree = "<group>"; };
		6C3B01522250C70800634A75 /* Assets.xcassets */ = {isa = PBXFileReference; lastKnownFileType = folder.assetcatalog; path = Assets.xcassets; sourceTree = "<group>"; };
		6C3B01552250C70800634A75 /* Base */ = {isa = PBXFileReference; lastKnownFileType = file.storyboard; name = Base; path = Base.lproj/LaunchScreen.storyboard; sourceTree = "<group>"; };
		6C3B01572250C70800634A75 /* Info.plist */ = {isa = PBXFileReference; lastKnownFileType = text.plist.xml; path = Info.plist; sourceTree = "<group>"; };
		6C3B01582250C70800634A75 /* main.m */ = {isa = PBXFileReference; lastKnownFileType = sourcecode.c.objc; path = main.m; sourceTree = "<group>"; };
		6C3B01602250C72D00634A75 /* BaseObject.h */ = {isa = PBXFileReference; lastKnownFileType = sourcecode.c.h; path = BaseObject.h; sourceTree = "<group>"; };
		6C3B01612250C72D00634A75 /* BaseObject.m */ = {isa = PBXFileReference; lastKnownFileType = sourcecode.c.objc; path = BaseObject.m; sourceTree = "<group>"; };
		6C3B01632250C79D00634A75 /* TestModel.h */ = {isa = PBXFileReference; lastKnownFileType = sourcecode.c.h; path = TestModel.h; sourceTree = "<group>"; };
		6C3B01642250C79D00634A75 /* TestModel.m */ = {isa = PBXFileReference; lastKnownFileType = sourcecode.c.objc; path = TestModel.m; sourceTree = "<group>"; };
/* End PBXFileReference section */

/* Begin PBXFrameworksBuildPhase section */
		6C3B01432250C70800634A75 /* Frameworks */ = {
			isa = PBXFrameworksBuildPhase;
			buildActionMask = 2147483647;
			files = (
			);
			runOnlyForDeploymentPostprocessing = 0;
		};
/* End PBXFrameworksBuildPhase section */

/* Begin PBXGroup section */
		6C3B013D2250C70800634A75 = {
			isa = PBXGroup;
			children = (
				6C3B01482250C70800634A75 /* UtilClass */,
				6C3B01472250C70800634A75 /* Products */,
			);
			sourceTree = "<group>";
		};
		6C3B01472250C70800634A75 /* Products */ = {
			isa = PBXGroup;
			children = (
				6C3B01462250C70800634A75 /* UtilClass.app */,
			);
			name = Products;
			sourceTree = "<group>";
		};
		6C3B01482250C70800634A75 /* UtilClass */ = {
			isa = PBXGroup;
			children = (
				6C3B01492250C70800634A75 /* AppDelegate.h */,
				6C3B014A2250C70800634A75 /* AppDelegate.m */,
				6C3B014C2250C70800634A75 /* ViewController.h */,
				6C3B014D2250C70800634A75 /* ViewController.m */,
				6C3B01632250C79D00634A75 /* TestModel.h */,
				6C3B01642250C79D00634A75 /* TestModel.m */,
				6C3B015F2250C70F00634A75 /* BaseObject */,
				6C3B014F2250C70800634A75 /* Main.storyboard */,
				6C3B01522250C70800634A75 /* Assets.xcassets */,
				6C3B01542250C70800634A75 /* LaunchScreen.storyboard */,
				6C3B01572250C70800634A75 /* Info.plist */,
				6C3B01582250C70800634A75 /* main.m */,
			);
			path = UtilClass;
			sourceTree = "<group>";
		};
		6C3B015F2250C70F00634A75 /* BaseObject */ = {
			isa = PBXGroup;
			children = (
				6C3B01602250C72D00634A75 /* BaseObject.h */,
				6C3B01612250C72D00634A75 /* BaseObject.m */,
			);
			path = BaseObject;
			sourceTree = "<group>";
		};
/* End PBXGroup section */

/* Begin PBXNativeTarget section */
		6C3B01452250C70800634A75 /* UtilClass */ = {
			isa = PBXNativeTarget;
			buildConfigurationList = 6C3B015C2250C70800634A75 /* Build configuration list for PBXNativeTarget "UtilClass" */;
			buildPhases = (
				6C3B01422250C70800634A75 /* Sources */,
				6C3B01432250C70800634A75 /* Frameworks */,
				6C3B01442250C70800634A75 /* Resources */,
			);
			buildRules = (
			);
			dependencies = (
			);
			name = UtilClass;
			productName = UtilClass;
			productReference = 6C3B01462250C70800634A75 /* UtilClass.app */;
			productType = "com.apple.product-type.application";
		};
/* End PBXNativeTarget section */

/* Begin PBXProject section */
		6C3B013E2250C70800634A75 /* Project object */ = {
			isa = PBXProject;
			attributes = {
				LastUpgradeCheck = 1010;
				ORGANIZATIONNAME = JiangT;
				TargetAttributes = {
					6C3B01452250C70800634A75 = {
						CreatedOnToolsVersion = 10.1;
					};
				};
			};
			buildConfigurationList = 6C3B01412250C70800634A75 /* Build configuration list for PBXProject "UtilClass" */;
			compatibilityVersion = "Xcode 9.3";
			developmentRegion = en;
			hasScannedForEncodings = 0;
			knownRegions = (
				en,
				Base,
			);
			mainGroup = 6C3B013D2250C70800634A75;
			productRefGroup = 6C3B01472250C70800634A75 /* Products */;
			projectDirPath = "";
			projectRoot = "";
			targets = (
				6C3B01452250C70800634A75 /* UtilClass */,
			);
		};
/* End PBXProject section */

/* Begin PBXResourcesBuildPhase section */
		6C3B01442250C70800634A75 /* Resources */ = {
			isa = PBXResourcesBuildPhase;
			buildActionMask = 2147483647;
			files = (
				6C3B01562250C70800634A75 /* LaunchScreen.storyboard in Resources */,
				6C3B01532250C70800634A75 /* Assets.xcassets in Resources */,
				6C3B01512250C70800634A75 /* Main.storyboard in Resources */,
			);
			runOnlyForDeploymentPostprocessing = 0;
		};
/* End PBXResourcesBuildPhase section */

/* Begin PBXSourcesBuildPhase section */
		6C3B01422250C70800634A75 /* Sources */ = {
			isa = PBXSourcesBuildPhase;
			buildActionMask = 2147483647;
			files = (
				6C3B014E2250C70800634A75 /* ViewController.m in Sources */,
				6C3B01652250C79D00634A75 /* TestModel.m in Sources */,
				6C3B01622250C72D00634A75 /* BaseObject.m in Sources */,
				6C3B01592250C70800634A75 /* main.m in Sources */,
				6C3B014B2250C70800634A75 /* AppDelegate.m in Sources */,
			);
			runOnlyForDeploymentPostprocessing = 0;
		};
/* End PBXSourcesBuildPhase section */

/* Begin PBXVariantGroup section */
		6C3B014F2250C70800634A75 /* Main.storyboard */ = {
			isa = PBXVariantGroup;
			children = (
				6C3B01502250C70800634A75 /* Base */,
			);
			name = Main.storyboard;
			sourceTree = "<group>";
		};
		6C3B01542250C70800634A75 /* LaunchScreen.storyboard */ = {
			isa = PBXVariantGroup;
			children = (
				6C3B01552250C70800634A75 /* Base */,
			);
			name = LaunchScreen.storyboard;
			sourceTree = "<group>";
		};
/* End PBXVariantGroup section */

/* Begin XCBuildConfiguration section */
		6C3B015A2250C70800634A75 /* Debug */ = {
			isa = XCBuildConfiguration;
			buildSettings = {
				ALWAYS_SEARCH_USER_PATHS = NO;
				CLANG_ANALYZER_NONNULL = YES;
				CLANG_ANALYZER_NUMBER_OBJECT_CONVERSION = YES_AGGRESSIVE;
				CLANG_CXX_LANGUAGE_STANDARD = "gnu++14";
				CLANG_CXX_LIBRARY = "libc++";
				CLANG_ENABLE_MODULES = YES;
				CLANG_ENABLE_OBJC_ARC = YES;
				CLANG_ENABLE_OBJC_WEAK = YES;
				CLANG_WARN_BLOCK_CAPTURE_AUTORELEASING = YES;
				CLANG_WARN_BOOL_CONVERSION = YES;
				CLANG_WARN_COMMA = YES;
				CLANG_WARN_CONSTANT_CONVERSION = YES;
				CLANG_WARN_DEPRECATED_OBJC_IMPLEMENTATIONS = YES;
				CLANG_WARN_DIRECT_OBJC_ISA_USAGE = YES_ERROR;
				CLANG_WARN_DOCUMENTATION_COMMENTS = YES;
				CLANG_WARN_EMPTY_BODY = YES;
				CLANG_WARN_ENUM_CONVERSION = YES;
				CLANG_WARN_INFINITE_RECURSION = YES;
				CLANG_WARN_INT_CONVERSION = YES;
				CLANG_WARN_NON_LITERAL_NULL_CONVERSION = YES;
				CLANG_WARN_OBJC_IMPLICIT_RETAIN_SELF = YES;
				CLANG_WARN_OBJC_LITERAL_CONVERSION = YES;
				CLANG_WARN_OBJC_ROOT_CLASS = YES_ERROR;
				CLANG_WARN_RANGE_LOOP_ANALYSIS = YES;
				CLANG_WARN_STRICT_PROTOTYPES = YES;
				CLANG_WARN_SUSPICIOUS_MOVE = YES;
				CLANG_WARN_UNGUARDED_AVAILABILITY = YES_AGGRESSIVE;
				CLANG_WARN_UNREACHABLE_CODE = YES;
				CLANG_WARN__DUPLICATE_METHOD_MATCH = YES;
				CODE_SIGN_IDENTITY = "iPhone Developer";
				COPY_PHASE_STRIP = NO;
				DEBUG_INFORMATION_FORMAT = dwarf;
				ENABLE_STRICT_OBJC_MSGSEND = YES;
				ENABLE_TESTABILITY = YES;
				GCC_C_LANGUAGE_STANDARD = gnu11;
				GCC_DYNAMIC_NO_PIC = NO;
				GCC_NO_COMMON_BLOCKS = YES;
				GCC_OPTIMIZATION_LEVEL = 0;
				GCC_PREPROCESSOR_DEFINITIONS = (
					"DEBUG=1",
					"$(inherited)",
				);
				GCC_WARN_64_TO_32_BIT_CONVERSION = YES;
				GCC_WARN_ABOUT_RETURN_TYPE = YES_ERROR;
				GCC_WARN_UNDECLARED_SELECTOR = YES;
				GCC_WARN_UNINITIALIZED_AUTOS = YES_AGGRESSIVE;
				GCC_WARN_UNUSED_FUNCTION = YES;
				GCC_WARN_UNUSED_VARIABLE = YES;
				IPHONEOS_DEPLOYMENT_TARGET = 12.1;
				MTL_ENABLE_DEBUG_INFO = INCLUDE_SOURCE;
				MTL_FAST_MATH = YES;
				ONLY_ACTIVE_ARCH = YES;
				SDKROOT = iphoneos;
			};
			name = Debug;
		};
		6C3B015B2250C70800634A75 /* Release */ = {
			isa = XCBuildConfiguration;
			buildSettings = {
				ALWAYS_SEARCH_USER_PATHS = NO;
				CLANG_ANALYZER_NONNULL = YES;
				CLANG_ANALYZER_NUMBER_OBJECT_CONVERSION = YES_AGGRESSIVE;
				CLANG_CXX_LANGUAGE_STANDARD = "gnu++14";
				CLANG_CXX_LIBRARY = "libc++";
				CLANG_ENABLE_MODULES = YES;
				CLANG_ENABLE_OBJC_ARC = YES;
				CLANG_ENABLE_OBJC_WEAK = YES;
				CLANG_WARN_BLOCK_CAPTURE_AUTORELEASING = YES;
				CLANG_WARN_BOOL_CONVERSION = YES;
				CLANG_WARN_COMMA = YES;
				CLANG_WARN_CONSTANT_CONVERSION = YES;
				CLANG_WARN_DEPRECATED_OBJC_IMPLEMENTATIONS = YES;
				CLANG_WARN_DIRECT_OBJC_ISA_USAGE = YES_ERROR;
				CLANG_WARN_DOCUMENTATION_COMMENTS = YES;
				CLANG_WARN_EMPTY_BODY = YES;
				CLANG_WARN_ENUM_CONVERSION = YES;
				CLANG_WARN_INFINITE_RECURSION = YES;
				CLANG_WARN_INT_CONVERSION = YES;
				CLANG_WARN_NON_LITERAL_NULL_CONVERSION = YES;
				CLANG_WARN_OBJC_IMPLICIT_RETAIN_SELF = YES;
				CLANG_WARN_OBJC_LITERAL_CONVERSION = YES;
				CLANG_WARN_OBJC_ROOT_CLASS = YES_ERROR;
				CLANG_WARN_RANGE_LOOP_ANALYSIS = YES;
				CLANG_WARN_STRICT_PROTOTYPES = YES;
				CLANG_WARN_SUSPICIOUS_MOVE = YES;
				CLANG_WARN_UNGUARDED_AVAILABILITY = YES_AGGRESSIVE;
				CLANG_WARN_UNREACHABLE_CODE = YES;
				CLANG_WARN__DUPLICATE_METHOD_MATCH = YES;
				CODE_SIGN_IDENTITY = "iPhone Developer";
				COPY_PHASE_STRIP = NO;
				DEBUG_INFORMATION_FORMAT = "dwarf-with-dsym";
				ENABLE_NS_ASSERTIONS = NO;
				ENABLE_STRICT_OBJC_MSGSEND = YES;
				GCC_C_LANGUAGE_STANDARD = gnu11;
				GCC_NO_COMMON_BLOCKS = YES;
				GCC_WARN_64_TO_32_BIT_CONVERSION = YES;
				GCC_WARN_ABOUT_RETURN_TYPE = YES_ERROR;
				GCC_WARN_UNDECLARED_SELECTOR = YES;
				GCC_WARN_UNINITIALIZED_AUTOS = YES_AGGRESSIVE;
				GCC_WARN_UNUSED_FUNCTION = YES;
				GCC_WARN_UNUSED_VARIABLE = YES;
				IPHONEOS_DEPLOYMENT_TARGET = 12.1;
				MTL_ENABLE_DEBUG_INFO = NO;
				MTL_FAST_MATH = YES;
				SDKROOT = iphoneos;
				VALIDATE_PRODUCT = YES;
			};
			name = Release;
		};
		6C3B015D2250C70800634A75 /* Debug */ = {
			isa = XCBuildConfiguration;
			buildSettings = {
				ASSETCATALOG_COMPILER_APPICON_NAME = AppIcon;
				CODE_SIGN_STYLE = Automatic;
				DEVELOPMENT_TEAM = KL3TMC97YB;
				INFOPLIST_FILE = UtilClass/Info.plist;
				LD_RUNPATH_SEARCH_PATHS = (
					"$(inherited)",
					"@executable_path/Frameworks",
				);
				PRODUCT_BUNDLE_IDENTIFIER = com.taoJiang.UtilClass;
				PRODUCT_NAME = "$(TARGET_NAME)";
				TARGETED_DEVICE_FAMILY = "1,2";
			};
			name = Debug;
		};
		6C3B015E2250C70800634A75 /* Release */ = {
			isa = XCBuildConfiguration;
			buildSettings = {
				ASSETCATALOG_COMPILER_APPICON_NAME = AppIcon;
				CODE_SIGN_STYLE = Automatic;
				DEVELOPMENT_TEAM = KL3TMC97YB;
				INFOPLIST_FILE = UtilClass/Info.plist;
				LD_RUNPATH_SEARCH_PATHS = (
					"$(inherited)",
					"@executable_path/Frameworks",
				);
				PRODUCT_BUNDLE_IDENTIFIER = com.taoJiang.UtilClass;
				PRODUCT_NAME = "$(TARGET_NAME)";
				TARGETED_DEVICE_FAMILY = "1,2";
			};
			name = Release;
		};
/* End XCBuildConfiguration section */

/* Begin XCConfigurationList section */
		6C3B01412250C70800634A75 /* Build configuration list for PBXProject "UtilClass" */ = {
			isa = XCConfigurationList;
			buildConfigurations = (
				6C3B015A2250C70800634A75 /* Debug */,
				6C3B015B2250C70800634A75 /* Release */,
			);
			defaultConfigurationIsVisible = 0;
			defaultConfigurationName = Release;
		};
		6C3B015C2250C70800634A75 /* Build configuration list for PBXNativeTarget "UtilClass" */ = {
			isa = XCConfigurationList;
			buildConfigurations = (
				6C3B015D2250C70800634A75 /* Debug */,
				6C3B015E2250C70800634A75 /* Release */,
			);
			defaultConfigurationIsVisible = 0;
			defaultConfigurationName = Release;
		};
/* End XCConfigurationList section */
	};
	rootObject = 6C3B013E2250C70800634A75 /* Project object */;
}
